<?xml version="1.0" encoding="utf-8"?>
<Project ToolsVersion="4.0" xmlns="http://schemas.microsoft.com/developer/msbuild/2003">
  <ItemGroup>
    <ClCompile Include="AI_Mercant.cpp" />
    <ClCompile Include="BehaviorTree.cpp" />
    <ClCompile Include="Pnj.cpp" />
    <ClCompile Include="GameDay.cpp" />
    <ClCompile Include="Shop.cpp" />
    <ClCompile Include="Training.cpp" />
    <ClCompile Include="HUD.cpp" />
    <ClCompile Include="Button.cpp" />
    <ClCompile Include="MenuEnd.cpp" />
    <ClCompile Include="MenuStart.cpp" />
    <ClCompile Include="Game.cpp" />
    <ClCompile Include="Setting.cpp" />
  </ItemGroup>
  <ItemGroup>
    <ClInclude Include="GameDay.h" />
    <ClInclude Include="Shop.h" />
    <ClInclude Include="BehaviorTree.h" />
    <ClInclude Include="Pnj.h" />
    <ClInclude Include="Training.h" />
    <ClInclude Include="HUD.h" />
    <ClInclude Include="Button.h" />
    <ClInclude Include="MenuEnd.h" />
    <ClInclude Include="MenuStart.h" />
    <ClInclude Include="Game.h" />
    <ClInclude Include="Setting.h" />
  </ItemGroup>
</Project>