<?xml version="1.0" encoding="utf-8"?>
<Project ToolsVersion="4.0" xmlns="http://schemas.microsoft.com/developer/msbuild/2003">
  <ItemGroup>
    <ClCompile Include="AI_Mercant.cpp" />
    <ClCompile Include="BehaviorTree.cpp" />
    <ClCompile Include="Pnj.cpp" />
    <ClCompile Include="GameDay.cpp" />
    <ClCompile Include="Shop.cpp" />
    <ClCompile Include="Training.cpp" />
    <ClCompile Include="HUD.cpp" />
    <ClCompile Include="Node.cpp" />
    <ClCompile Include="FallBack.cpp" />
    <ClCompile Include="FlowNode.cpp" />
    <ClCompile Include="Sequence.cpp" />
    <ClCompile Include="TaskNode.cpp" />
    <ClCompile Include="SellTask.cpp" />
    <ClCompile Include="GetCashTask.cpp" />
    <ClCompile Include="SpendCashTask.cpp" />
    <ClCompile Include="BuyFurnituresTask.cpp" />
    <ClCompile Include="PauseTask.cpp" />
    <ClCompile Include="Setting.cpp" />
    <ClCompile Include="Button.cpp" />
    <ClCompile Include="MenuStart.cpp" />
    <ClCompile Include="MenuEnd.cpp" />
  </ItemGroup>
  <ItemGroup>
    <ClInclude Include="GameDay.h" />
    <ClInclude Include="Shop.h" />
    <ClInclude Include="BehaviorTree.h" />
    <ClInclude Include="Pnj.h" />
    <ClInclude Include="Training.h" />
    <ClInclude Include="HUD.h" />
    <ClInclude Include="Node.h" />
    <ClInclude Include="FallBack.h" />
    <ClInclude Include="FlowNode.h" />
    <ClInclude Include="Sequence.h" />
    <ClInclude Include="TaskNode.h" />
    <ClInclude Include="SellTask.h" />
    <ClInclude Include="GetCashTask.h" />
    <ClInclude Include="SpendCashTask.h" />
    <ClInclude Include="BuyFurnituresTask.h" />
    <ClInclude Include="PauseTask.h" />
    <ClInclude Include="Setting.h" />
    <ClInclude Include="Button.h" />
    <ClInclude Include="MenuStart.h" />
    <ClInclude Include="MenuEnd.h" />
  </ItemGroup>
</Project>